// !$*UTF8*$!
{
	archiveVersion = 1;
	classes = {
	};
	objectVersion = 46;
	objects = {

/* Begin PBXBuildFile section */
		404D6C911BC6149100FA04A3 /* main.m in Sources */ = {isa = PBXBuildFile; fileRef = 404D6C901BC6149100FA04A3 /* main.m */; };
		404D6C941BC6149100FA04A3 /* AppDelegate.m in Sources */ = {isa = PBXBuildFile; fileRef = 404D6C931BC6149100FA04A3 /* AppDelegate.m */; };
		404D6C971BC6149100FA04A3 /* ViewController.m in Sources */ = {isa = PBXBuildFile; fileRef = 404D6C961BC6149100FA04A3 /* ViewController.m */; };
		404D6C9A1BC6149100FA04A3 /* Main.storyboard in Resources */ = {isa = PBXBuildFile; fileRef = 404D6C981BC6149100FA04A3 /* Main.storyboard */; };
		404D6C9C1BC6149100FA04A3 /* Images.xcassets in Resources */ = {isa = PBXBuildFile; fileRef = 404D6C9B1BC6149100FA04A3 /* Images.xcassets */; };
		404D6C9F1BC6149100FA04A3 /* LaunchScreen.xib in Resources */ = {isa = PBXBuildFile; fileRef = 404D6C9D1BC6149100FA04A3 /* LaunchScreen.xib */; };
		404D6CAB1BC6149100FA04A3 /* RunTimeDemoTests.m in Sources */ = {isa = PBXBuildFile; fileRef = 404D6CAA1BC6149100FA04A3 /* RunTimeDemoTests.m */; };
/* End PBXBuildFile section */

/* Begin PBXContainerItemProxy section */
		404D6CA51BC6149100FA04A3 /* PBXContainerItemProxy */ = {
			isa = PBXContainerItemProxy;
			containerPortal = 404D6C831BC6149100FA04A3 /* Project object */;
			proxyType = 1;
			remoteGlobalIDString = 404D6C8A1BC6149100FA04A3;
			remoteInfo = RunTimeDemo;
		};
/* End PBXContainerItemProxy section */

/* Begin PBXFileReference section */
		404D6C8B1BC6149100FA04A3 /* RunTimeDemo.app */ = {isa = PBXFileReference; explicitFileType = wrapper.application; includeInIndex = 0; path = RunTimeDemo.app; sourceTree = BUILT_PRODUCTS_DIR; };
		404D6C8F1BC6149100FA04A3 /* Info.plist */ = {isa = PBXFileReference; lastKnownFileType = text.plist.xml; path = Info.plist; sourceTree = "<group>"; };
		404D6C901BC6149100FA04A3 /* main.m */ = {isa = PBXFileReference; lastKnownFileType = sourcecode.c.objc; path = main.m; sourceTree = "<group>"; };
		404D6C921BC6149100FA04A3 /* AppDelegate.h */ = {isa = PBXFileReference; lastKnownFileType = sourcecode.c.h; path = AppDelegate.h; sourceTree = "<group>"; };
		404D6C931BC6149100FA04A3 /* AppDelegate.m */ = {isa = PBXFileReference; lastKnownFileType = sourcecode.c.objc; path = AppDelegate.m; sourceTree = "<group>"; };
		404D6C951BC6149100FA04A3 /* ViewController.h */ = {isa = PBXFileReference; lastKnownFileType = sourcecode.c.h; path = ViewController.h; sourceTree = "<group>"; };
		404D6C961BC6149100FA04A3 /* ViewController.m */ = {isa = PBXFileReference; lastKnownFileType = sourcecode.c.objc; path = ViewController.m; sourceTree = "<group>"; };
		404D6C991BC6149100FA04A3 /* Base */ = {isa = PBXFileReference; lastKnownFileType = file.storyboard; name = Base; path = Base.lproj/Main.storyboard; sourceTree = "<group>"; };
		404D6C9B1BC6149100FA04A3 /* Images.xcassets */ = {isa = PBXFileReference; lastKnownFileType = folder.assetcatalog; path = Images.xcassets; sourceTree = "<group>"; };
		404D6C9E1BC6149100FA04A3 /* Base */ = {isa = PBXFileReference; lastKnownFileType = file.xib; name = Base; path = Base.lproj/LaunchScreen.xib; sourceTree = "<group>"; };
		404D6CA41BC6149100FA04A3 /* RunTimeDemoTests.xctest */ = {isa = PBXFileReference; explicitFileType = wrapper.cfbundle; includeInIndex = 0; path = RunTimeDemoTests.xctest; sourceTree = BUILT_PRODUCTS_DIR; };
		404D6CA91BC6149100FA04A3 /* Info.plist */ = {isa = PBXFileReference; lastKnownFileType = text.plist.xml; path = Info.plist; sourceTree = "<group>"; };
		404D6CAA1BC6149100FA04A3 /* RunTimeDemoTests.m */ = {isa = PBXFileReference; lastKnownFileType = sourcecode.c.objc; path = RunTimeDemoTests.m; sourceTree = "<group>"; };
/* End PBXFileReference section */

/* Begin PBXFrameworksBuildPhase section */
		404D6C881BC6149100FA04A3 /* Frameworks */ = {
			isa = PBXFrameworksBuildPhase;
			buildActionMask = 2147483647;
			files = (
			);
			runOnlyForDeploymentPostprocessing = 0;
		};
		404D6CA11BC6149100FA04A3 /* Frameworks */ = {
			isa = PBXFrameworksBuildPhase;
			buildActionMask = 2147483647;
			files = (
			);
			runOnlyForDeploymentPostprocessing = 0;
		};
/* End PBXFrameworksBuildPhase section */

/* Begin PBXGroup section */
		404D6C821BC6149100FA04A3 = {
			isa = PBXGroup;
			children = (
				404D6C8D1BC6149100FA04A3 /* RunTimeDemo */,
				404D6CA71BC6149100FA04A3 /* RunTimeDemoTests */,
				404D6C8C1BC6149100FA04A3 /* Products */,
			);
			sourceTree = "<group>";
		};
		404D6C8C1BC6149100FA04A3 /* Products */ = {
			isa = PBXGroup;
			children = (
				404D6C8B1BC6149100FA04A3 /* RunTimeDemo.app */,
				404D6CA41BC6149100FA04A3 /* RunTimeDemoTests.xctest */,
			);
			name = Products;
			sourceTree = "<group>";
		};
		404D6C8D1BC6149100FA04A3 /* RunTimeDemo */ = {
			isa = PBXGroup;
			children = (
				404D6C921BC6149100FA04A3 /* AppDelegate.h */,
				404D6C931BC6149100FA04A3 /* AppDelegate.m */,
				404D6C951BC6149100FA04A3 /* ViewController.h */,
				404D6C961BC6149100FA04A3 /* ViewController.m */,
				404D6C981BC6149100FA04A3 /* Main.storyboard */,
				404D6C9B1BC6149100FA04A3 /* Images.xcassets */,
				404D6C9D1BC6149100FA04A3 /* LaunchScreen.xib */,
				404D6C8E1BC6149100FA04A3 /* Supporting Files */,
			);
			path = RunTimeDemo;
			sourceTree = "<group>";
		};
		404D6C8E1BC6149100FA04A3 /* Supporting Files */ = {
			isa = PBXGroup;
			children = (
				404D6C8F1BC6149100FA04A3 /* Info.plist */,
				404D6C901BC6149100FA04A3 /* main.m */,
			);
			name = "Supporting Files";
			sourceTree = "<group>";
		};
		404D6CA71BC6149100FA04A3 /* RunTimeDemoTests */ = {
			isa = PBXGroup;
			children = (
				404D6CAA1BC6149100FA04A3 /* RunTimeDemoTests.m */,
				404D6CA81BC6149100FA04A3 /* Supporting Files */,
			);
			path = RunTimeDemoTests;
			sourceTree = "<group>";
		};
		404D6CA81BC6149100FA04A3 /* Supporting Files */ = {
			isa = PBXGroup;
			children = (
				404D6CA91BC6149100FA04A3 /* Info.plist */,
			);
			name = "Supporting Files";
			sourceTree = "<group>";
		};
/* End PBXGroup section */

/* Begin PBXNativeTarget section */
		404D6C8A1BC6149100FA04A3 /* RunTimeDemo */ = {
			isa = PBXNativeTarget;
			buildConfigurationList = 404D6CAE1BC6149100FA04A3 /* Build configuration list for PBXNativeTarget "RunTimeDemo" */;
			buildPhases = (
				404D6C871BC6149100FA04A3 /* Sources */,
				404D6C881BC6149100FA04A3 /* Frameworks */,
				404D6C891BC6149100FA04A3 /* Resources */,
			);
			buildRules = (
			);
			dependencies = (
			);
			name = RunTimeDemo;
			productName = RunTimeDemo;
			productReference = 404D6C8B1BC6149100FA04A3 /* RunTimeDemo.app */;
			productType = "com.apple.product-type.application";
		};
		404D6CA31BC6149100FA04A3 /* RunTimeDemoTests */ = {
			isa = PBXNativeTarget;
			buildConfigurationList = 404D6CB11BC6149100FA04A3 /* Build configuration list for PBXNativeTarget "RunTimeDemoTests" */;
			buildPhases = (
				404D6CA01BC6149100FA04A3 /* Sources */,
				404D6CA11BC6149100FA04A3 /* Frameworks */,
				404D6CA21BC6149100FA04A3 /* Resources */,
			);
			buildRules = (
			);
			dependencies = (
				404D6CA61BC6149100FA04A3 /* PBXTargetDependency */,
			);
			name = RunTimeDemoTests;
			productName = RunTimeDemoTests;
			productReference = 404D6CA41BC6149100FA04A3 /* RunTimeDemoTests.xctest */;
			productType = "com.apple.product-type.bundle.unit-test";
		};
/* End PBXNativeTarget section */

/* Begin PBXProject section */
		404D6C831BC6149100FA04A3 /* Project object */ = {
			isa = PBXProject;
			attributes = {
				LastUpgradeCheck = 0640;
				ORGANIZATIONNAME = "于威";
				TargetAttributes = {
					404D6C8A1BC6149100FA04A3 = {
						CreatedOnToolsVersion = 6.4;
					};
					404D6CA31BC6149100FA04A3 = {
						CreatedOnToolsVersion = 6.4;
						TestTargetID = 404D6C8A1BC6149100FA04A3;
					};
				};
			};
			buildConfigurationList = 404D6C861BC6149100FA04A3 /* Build configuration list for PBXProject "RunTimeDemo" */;
			compatibilityVersion = "Xcode 3.2";
			developmentRegion = English;
			hasScannedForEncodings = 0;
			knownRegions = (
				en,
				Base,
			);
			mainGroup = 404D6C821BC6149100FA04A3;
			productRefGroup = 404D6C8C1BC6149100FA04A3 /* Products */;
			projectDirPath = "";
			projectRoot = "";
			targets = (
				404D6C8A1BC6149100FA04A3 /* RunTimeDemo */,
				404D6CA31BC6149100FA04A3 /* RunTimeDemoTests */,
			);
		};
/* End PBXProject section */

/* Begin PBXResourcesBuildPhase section */
		404D6C891BC6149100FA04A3 /* Resources */ = {
			isa = PBXResourcesBuildPhase;
			buildActionMask = 2147483647;
			files = (
				404D6C9A1BC6149100FA04A3 /* Main.storyboard in Resources */,
				404D6C9F1BC6149100FA04A3 /* LaunchScreen.xib in Resources */,
				404D6C9C1BC6149100FA04A3 /* Images.xcassets in Resources */,
			);
			runOnlyForDeploymentPostprocessing = 0;
		};
		404D6CA21BC6149100FA04A3 /* Resources */ = {
			isa = PBXResourcesBuildPhase;
			buildActionMask = 2147483647;
			files = (
			);
			runOnlyForDeploymentPostprocessing = 0;
		};
/* End PBXResourcesBuildPhase section */

/* Begin PBXSourcesBuildPhase section */
		404D6C871BC6149100FA04A3 /* Sources */ = {
			isa = PBXSourcesBuildPhase;
			buildActionMask = 2147483647;
			files = (
				404D6C971BC6149100FA04A3 /* ViewController.m in Sources */,
				404D6C941BC6149100FA04A3 /* AppDelegate.m in Sources */,
				404D6C911BC6149100FA04A3 /* main.m in Sources */,
			);
			runOnlyForDeploymentPostprocessing = 0;
		};
		404D6CA01BC6149100FA04A3 /* Sources */ = {
			isa = PBXSourcesBuildPhase;
			buildActionMask = 2147483647;
			files = (
				404D6CAB1BC6149100FA04A3 /* RunTimeDemoTests.m in Sources */,
			);
			runOnlyForDeploymentPostprocessing = 0;
		};
/* End PBXSourcesBuildPhase section */

/* Begin PBXTargetDependency section */
		404D6CA61BC6149100FA04A3 /* PBXTargetDependency */ = {
			isa = PBXTargetDependency;
			target = 404D6C8A1BC6149100FA04A3 /* RunTimeDemo */;
			targetProxy = 404D6CA51BC6149100FA04A3 /* PBXContainerItemProxy */;
		};
/* End PBXTargetDependency section */

/* Begin PBXVariantGroup section */
		404D6C981BC6149100FA04A3 /* Main.storyboard */ = {
			isa = PBXVariantGroup;
			children = (
				404D6C991BC6149100FA04A3 /* Base */,
			);
			name = Main.storyboard;
			sourceTree = "<group>";
		};
		404D6C9D1BC6149100FA04A3 /* LaunchScreen.xib */ = {
			isa = PBXVariantGroup;
			children = (
				404D6C9E1BC6149100FA04A3 /* Base */,
			);
			name = LaunchScreen.xib;
			sourceTree = "<group>";
		};
/* End PBXVariantGroup section */

/* Begin XCBuildConfiguration section */
		404D6CAC1BC6149100FA04A3 /* Debug */ = {
			isa = XCBuildConfiguration;
			buildSettings = {
				ALWAYS_SEARCH_USER_PATHS = NO;
				CLANG_CXX_LANGUAGE_STANDARD = "gnu++0x";
				CLANG_CXX_LIBRARY = "libc++";
				CLANG_ENABLE_MODULES = YES;
				CLANG_ENABLE_OBJC_ARC = YES;
				CLANG_WARN_BOOL_CONVERSION = YES;
				CLANG_WARN_CONSTANT_CONVERSION = YES;
				CLANG_WARN_DIRECT_OBJC_ISA_USAGE = YES_ERROR;
				CLANG_WARN_EMPTY_BODY = YES;
				CLANG_WARN_ENUM_CONVERSION = YES;
				CLANG_WARN_INT_CONVERSION = YES;
				CLANG_WARN_OBJC_ROOT_CLASS = YES_ERROR;
				CLANG_WARN_UNREACHABLE_CODE = YES;
				CLANG_WARN__DUPLICATE_METHOD_MATCH = YES;
				"CODE_SIGN_IDENTITY[sdk=iphoneos*]" = "iPhone Developer";
				COPY_PHASE_STRIP = NO;
				DEBUG_INFORMATION_FORMAT = "dwarf-with-dsym";
				ENABLE_STRICT_OBJC_MSGSEND = YES;
				GCC_C_LANGUAGE_STANDARD = gnu99;
				GCC_DYNAMIC_NO_PIC = NO;
				GCC_NO_COMMON_BLOCKS = YES;
				GCC_OPTIMIZATION_LEVEL = 0;
				GCC_PREPROCESSOR_DEFINITIONS = (
					"DEBUG=1",
					"$(inherited)",
				);
				GCC_SYMBOLS_PRIVATE_EXTERN = NO;
				GCC_WARN_64_TO_32_BIT_CONVERSION = YES;
				GCC_WARN_ABOUT_RETURN_TYPE = YES_ERROR;
				GCC_WARN_UNDECLARED_SELECTOR = YES;
				GCC_WARN_UNINITIALIZED_AUTOS = YES_AGGRESSIVE;
				GCC_WARN_UNUSED_FUNCTION = YES;
				GCC_WARN_UNUSED_VARIABLE = YES;
				IPHONEOS_DEPLOYMENT_TARGET = 8.4;
				MTL_ENABLE_DEBUG_INFO = YES;
				ONLY_ACTIVE_ARCH = YES;
				SDKROOT = iphoneos;
				TARGETED_DEVICE_FAMILY = "1,2";
			};
			name = Debug;
		};
		404D6CAD1BC6149100FA04A3 /* Release */ = {
			isa = XCBuildConfiguration;
			buildSettings = {
				ALWAYS_SEARCH_USER_PATHS = NO;
				CLANG_CXX_LANGUAGE_STANDARD = "gnu++0x";
				CLANG_CXX_LIBRARY = "libc++";
				CLANG_ENABLE_MODULES = YES;
				CLANG_ENABLE_OBJC_ARC = YES;
				CLANG_WARN_BOOL_CONVERSION = YES;
				CLANG_WARN_CONSTANT_CONVERSION = YES;
				CLANG_WARN_DIRECT_OBJC_ISA_USAGE = YES_ERROR;
				CLANG_WARN_EMPTY_BODY = YES;
				CLANG_WARN_ENUM_CONVERSION = YES;
				CLANG_WARN_INT_CONVERSION = YES;
				CLANG_WARN_OBJC_ROOT_CLASS = YES_ERROR;
				CLANG_WARN_UNREACHABLE_CODE = YES;
				CLANG_WARN__DUPLICATE_METHOD_MATCH = YES;
				"CODE_SIGN_IDENTITY[sdk=iphoneos*]" = "iPhone Developer";
				COPY_PHASE_STRIP = NO;
				DEBUG_INFORMATION_FORMAT = "dwarf-with-dsym";
				ENABLE_NS_ASSERTIONS = NO;
				ENABLE_STRICT_OBJC_MSGSEND = YES;
				GCC_C_LANGUAGE_STANDARD = gnu99;
				GCC_NO_COMMON_BLOCKS = YES;
				GCC_WARN_64_TO_32_BIT_CONVERSION = YES;
				GCC_WARN_ABOUT_RETURN_TYPE = YES_ERROR;
				GCC_WARN_UNDECLARED_SELECTOR = YES;
				GCC_WARN_UNINITIALIZED_AUTOS = YES_AGGRESSIVE;
				GCC_WARN_UNUSED_FUNCTION = YES;
				GCC_WARN_UNUSED_VARIABLE = YES;
				IPHONEOS_DEPLOYMENT_TARGET = 8.4;
				MTL_ENABLE_DEBUG_INFO = NO;
				SDKROOT = iphoneos;
				TARGETED_DEVICE_FAMILY = "1,2";
				VALIDATE_PRODUCT = YES;
			};
			name = Release;
		};
		404D6CAF1BC6149100FA04A3 /* Debug */ = {
			isa = XCBuildConfiguration;
			buildSettings = {
				ASSETCATALOG_COMPILER_APPICON_NAME = AppIcon;
				INFOPLIST_FILE = RunTimeDemo/Info.plist;
				LD_RUNPATH_SEARCH_PATHS = "$(inherited) @executable_path/Frameworks";
				PRODUCT_NAME = "$(TARGET_NAME)";
			};
			name = Debug;
		};
		404D6CB01BC6149100FA04A3 /* Release */ = {
			isa = XCBuildConfiguration;
			buildSettings = {
				ASSETCATALOG_COMPILER_APPICON_NAME = AppIcon;
				INFOPLIST_FILE = RunTimeDemo/Info.plist;
				LD_RUNPATH_SEARCH_PATHS = "$(inherited) @executable_path/Frameworks";
				PRODUCT_NAME = "$(TARGET_NAME)";
			};
			name = Release;
		};
		404D6CB21BC6149100FA04A3 /* Debug */ = {
			isa = XCBuildConfiguration;
			buildSettings = {
				BUNDLE_LOADER = "$(TEST_HOST)";
				FRAMEWORK_SEARCH_PATHS = (
					"$(SDKROOT)/Developer/Library/Frameworks",
					"$(inherited)",
				);
				GCC_PREPROCESSOR_DEFINITIONS = (
					"DEBUG=1",
					"$(inherited)",
				);
				INFOPLIST_FILE = RunTimeDemoTests/Info.plist;
				LD_RUNPATH_SEARCH_PATHS = "$(inherited) @executable_path/Frameworks @loader_path/Frameworks";
				PRODUCT_NAME = "$(TARGET_NAME)";
				TEST_HOST = "$(BUILT_PRODUCTS_DIR)/RunTimeDemo.app/RunTimeDemo";
			};
			name = Debug;
		};
		404D6CB31BC6149100FA04A3 /* Release */ = {
			isa = XCBuildConfiguration;
			buildSettings = {
				BUNDLE_LOADER = "$(TEST_HOST)";
				FRAMEWORK_SEARCH_PATHS = (
					"$(SDKROOT)/Developer/Library/Frameworks",
					"$(inherited)",
				);
				INFOPLIST_FILE = RunTimeDemoTests/Info.plist;
				LD_RUNPATH_SEARCH_PATHS = "$(inherited) @executable_path/Frameworks @loader_path/Frameworks";
				PRODUCT_NAME = "$(TARGET_NAME)";
				TEST_HOST = "$(BUILT_PRODUCTS_DIR)/RunTimeDemo.app/RunTimeDemo";
			};
			name = Release;
		};
/* End XCBuildConfiguration section */

/* Begin XCConfigurationList section */
		404D6C861BC6149100FA04A3 /* Build configuration list for PBXProject "RunTimeDemo" */ = {
			isa = XCConfigurationList;
			buildConfigurations = (
				404D6CAC1BC6149100FA04A3 /* Debug */,
				404D6CAD1BC6149100FA04A3 /* Release */,
			);
			defaultConfigurationIsVisible = 0;
			defaultConfigurationName = Release;
		};
		404D6CAE1BC6149100FA04A3 /* Build configuration list for PBXNativeTarget "RunTimeDemo" */ = {
			isa = XCConfigurationList;
			buildConfigurations = (
				404D6CAF1BC6149100FA04A3 /* Debug */,
				404D6CB01BC6149100FA04A3 /* Release */,
			);
			defaultConfigurationIsVisible = 0;
		};
		404D6CB11BC6149100FA04A3 /* Build configuration list for PBXNativeTarget "RunTimeDemoTests" */ = {
			isa = XCConfigurationList;
			buildConfigurations = (
				404D6CB21BC6149100FA04A3 /* Debug */,
				404D6CB31BC6149100FA04A3 /* Release */,
			);
			defaultConfigurationIsVisible = 0;
		};
/* End XCConfigurationList section */
	};
	rootObject = 404D6C831BC6149100FA04A3 /* Project object */;
}
